
Microsoft Visual Studio Solution File, Format Version 12.00
# Visual Studio 2012
VisualStudioVersion = 12.0.31101.0
MinimumVisualStudioVersion = 10.0.40219.1
Project("{FAE04EC0-301F-11D3-BF4B-00C04F79EFBC}") = "PickerOverModal", "PickerOverModal\PickerOverModal\PickerOverModal.csproj", "{73E11821-28C9-468E-B981-6445258ADE91}"
EndProject
Project("{FAE04EC0-301F-11D3-BF4B-00C04F79EFBC}") = "PickerOverModal.iOS", "PickerOverModal\PickerOverModal.iOS\PickerOverModal.iOS.csproj", "{86ADE4A7-95B5-43BB-AAE4-BB25B5EFBB39}"
EndProject
Project("{FAE04EC0-301F-11D3-BF4B-00C04F79EFBC}") = "PickerOverModal.Droid", "PickerOverModal\PickerOverModal.Droid\PickerOverModal.Droid.csproj", "{A1E2440C-89DF-4689-835C-28B10A8DC84E}"
EndProject
Global
	GlobalSection(SolutionConfigurationPlatforms) = preSolution
		Ad-Hoc|Any CPU = Ad-Hoc|Any CPU
		Ad-Hoc|ARM = Ad-Hoc|ARM
		Ad-Hoc|iPhone = Ad-Hoc|iPhone
		Ad-Hoc|iPhoneSimulator = Ad-Hoc|iPhoneSimulator
		Ad-Hoc|Mixed Platforms = Ad-Hoc|Mixed Platforms
		Ad-Hoc|x86 = Ad-Hoc|x86
		AppStore|Any CPU = AppStore|Any CPU
		AppStore|ARM = AppStore|ARM
		AppStore|iPhone = AppStore|iPhone
		AppStore|iPhoneSimulator = AppStore|iPhoneSimulator
		AppStore|Mixed Platforms = AppStore|Mixed Platforms
		AppStore|x86 = AppStore|x86
		Debug|Any CPU = Debug|Any CPU
		Debug|ARM = Debug|ARM
		Debug|iPhone = Debug|iPhone
		Debug|iPhoneSimulator = Debug|iPhoneSimulator
		Debug|Mixed Platforms = Debug|Mixed Platforms
		Debug|x86 = Debug|x86
		Release|Any CPU = Release|Any CPU
		Release|ARM = Release|ARM
		Release|iPhone = Release|iPhone
		Release|iPhoneSimulator = Release|iPhoneSimulator
		Release|Mixed Platforms = Release|Mixed Platforms
		Release|x86 = Release|x86
	EndGlobalSection
	GlobalSection(ProjectConfigurationPlatforms) = postSolution
		{73E11821-28C9-468E-B981-6445258ADE91}.Ad-Hoc|Any CPU.ActiveCfg = Release|Any CPU
		{73E11821-28C9-468E-B981-6445258ADE91}.Ad-Hoc|Any CPU.Build.0 = Release|Any CPU
		{73E11821-28C9-468E-B981-6445258ADE91}.Ad-Hoc|ARM.ActiveCfg = Release|Any CPU
		{73E11821-28C9-468E-B981-6445258ADE91}.Ad-Hoc|iPhone.ActiveCfg = Release|Any CPU
		{73E11821-28C9-468E-B981-6445258ADE91}.Ad-Hoc|iPhoneSimulator.ActiveCfg = Release|Any CPU
		{73E11821-28C9-468E-B981-6445258ADE91}.Ad-Hoc|Mixed Platforms.ActiveCfg = Release|Any CPU
		{73E11821-28C9-468E-B981-6445258ADE91}.Ad-Hoc|Mixed Platforms.Build.0 = Release|Any CPU
		{73E11821-28C9-468E-B981-6445258ADE91}.Ad-Hoc|x86.ActiveCfg = Release|Any CPU
		{73E11821-28C9-468E-B981-6445258ADE91}.AppStore|Any CPU.ActiveCfg = Release|Any CPU
		{73E11821-28C9-468E-B981-6445258ADE91}.AppStore|Any CPU.Build.0 = Release|Any CPU
		{73E11821-28C9-468E-B981-6445258ADE91}.AppStore|ARM.ActiveCfg = Release|Any CPU
		{73E11821-28C9-468E-B981-6445258ADE91}.AppStore|iPhone.ActiveCfg = Release|Any CPU
		{73E11821-28C9-468E-B981-6445258ADE91}.AppStore|iPhoneSimulator.ActiveCfg = Release|Any CPU
		{73E11821-28C9-468E-B981-6445258ADE91}.AppStore|Mixed Platforms.ActiveCfg = Release|Any CPU
		{73E11821-28C9-468E-B981-6445258ADE91}.AppStore|Mixed Platforms.Build.0 = Release|Any CPU
		{73E11821-28C9-468E-B981-6445258ADE91}.AppStore|x86.ActiveCfg = Release|Any CPU
		{73E11821-28C9-468E-B981-6445258ADE91}.Debug|Any CPU.ActiveCfg = Debug|Any CPU
		{73E11821-28C9-468E-B981-6445258ADE91}.Debug|Any CPU.Build.0 = Debug|Any CPU
		{73E11821-28C9-468E-B981-6445258ADE91}.Debug|ARM.ActiveCfg = Debug|Any CPU
		{73E11821-28C9-468E-B981-6445258ADE91}.Debug|iPhone.ActiveCfg = Debug|Any CPU
		{73E11821-28C9-468E-B981-6445258ADE91}.Debug|iPhoneSimulator.ActiveCfg = Debug|Any CPU
		{73E11821-28C9-468E-B981-6445258ADE91}.Debug|iPhoneSimulator.Build.0 = Debug|Any CPU
		{73E11821-28C9-468E-B981-6445258ADE91}.Debug|Mixed Platforms.ActiveCfg = Debug|Any CPU
		{73E11821-28C9-468E-B981-6445258ADE91}.Debug|Mixed Platforms.Build.0 = Debug|Any CPU
		{73E11821-28C9-468E-B981-6445258ADE91}.Debug|x86.ActiveCfg = Debug|Any CPU
		{73E11821-28C9-468E-B981-6445258ADE91}.Release|Any CPU.ActiveCfg = Release|Any CPU
		{73E11821-28C9-468E-B981-6445258ADE91}.Release|Any CPU.Build.0 = Release|Any CPU
		{73E11821-28C9-468E-B981-6445258ADE91}.Release|ARM.ActiveCfg = Release|Any CPU
		{73E11821-28C9-468E-B981-6445258ADE91}.Release|iPhone.ActiveCfg = Release|Any CPU
		{73E11821-28C9-468E-B981-6445258ADE91}.Release|iPhoneSimulator.ActiveCfg = Release|Any CPU
		{73E11821-28C9-468E-B981-6445258ADE91}.Release|Mixed Platforms.ActiveCfg = Release|Any CPU
		{73E11821-28C9-468E-B981-6445258ADE91}.Release|Mixed Platforms.Build.0 = Release|Any CPU
		{73E11821-28C9-468E-B981-6445258ADE91}.Release|x86.ActiveCfg = Release|Any CPU
		{86ADE4A7-95B5-43BB-AAE4-BB25B5EFBB39}.Ad-Hoc|Any CPU.ActiveCfg = Ad-Hoc|iPhone
		{86ADE4A7-95B5-43BB-AAE4-BB25B5EFBB39}.Ad-Hoc|ARM.ActiveCfg = Ad-Hoc|iPhone
		{86ADE4A7-95B5-43BB-AAE4-BB25B5EFBB39}.Ad-Hoc|iPhone.ActiveCfg = Ad-Hoc|iPhone
		{86ADE4A7-95B5-43BB-AAE4-BB25B5EFBB39}.Ad-Hoc|iPhone.Build.0 = Ad-Hoc|iPhone
		{86ADE4A7-95B5-43BB-AAE4-BB25B5EFBB39}.Ad-Hoc|iPhoneSimulator.ActiveCfg = Ad-Hoc|iPhoneSimulator
		{86ADE4A7-95B5-43BB-AAE4-BB25B5EFBB39}.Ad-Hoc|iPhoneSimulator.Build.0 = Ad-Hoc|iPhoneSimulator
		{86ADE4A7-95B5-43BB-AAE4-BB25B5EFBB39}.Ad-Hoc|Mixed Platforms.ActiveCfg = Ad-Hoc|iPhone
		{86ADE4A7-95B5-43BB-AAE4-BB25B5EFBB39}.Ad-Hoc|Mixed Platforms.Build.0 = Ad-Hoc|iPhone
		{86ADE4A7-95B5-43BB-AAE4-BB25B5EFBB39}.Ad-Hoc|x86.ActiveCfg = Ad-Hoc|iPhone
		{86ADE4A7-95B5-43BB-AAE4-BB25B5EFBB39}.AppStore|Any CPU.ActiveCfg = AppStore|iPhone
		{86ADE4A7-95B5-43BB-AAE4-BB25B5EFBB39}.AppStore|ARM.ActiveCfg = AppStore|iPhone
		{86ADE4A7-95B5-43BB-AAE4-BB25B5EFBB39}.AppStore|iPhone.ActiveCfg = AppStore|iPhone
		{86ADE4A7-95B5-43BB-AAE4-BB25B5EFBB39}.AppStore|iPhone.Build.0 = AppStore|iPhone
		{86ADE4A7-95B5-43BB-AAE4-BB25B5EFBB39}.AppStore|iPhoneSimulator.ActiveCfg = AppStore|iPhoneSimulator
		{86ADE4A7-95B5-43BB-AAE4-BB25B5EFBB39}.AppStore|iPhoneSimulator.Build.0 = AppStore|iPhoneSimulator
		{86ADE4A7-95B5-43BB-AAE4-BB25B5EFBB39}.AppStore|Mixed Platforms.ActiveCfg = AppStore|iPhone
		{86ADE4A7-95B5-43BB-AAE4-BB25B5EFBB39}.AppStore|Mixed Platforms.Build.0 = AppStore|iPhone
		{86ADE4A7-95B5-43BB-AAE4-BB25B5EFBB39}.AppStore|x86.ActiveCfg = AppStore|iPhone
		{86ADE4A7-95B5-43BB-AAE4-BB25B5EFBB39}.Debug|Any CPU.ActiveCfg = Debug|iPhone
		{86ADE4A7-95B5-43BB-AAE4-BB25B5EFBB39}.Debug|ARM.ActiveCfg = Debug|iPhone
		{86ADE4A7-95B5-43BB-AAE4-BB25B5EFBB39}.Debug|iPhone.ActiveCfg = Debug|iPhone
		{86ADE4A7-95B5-43BB-AAE4-BB25B5EFBB39}.Debug|iPhone.Build.0 = Debug|iPhone
		{86ADE4A7-95B5-43BB-AAE4-BB25B5EFBB39}.Debug|iPhoneSimulator.ActiveCfg = Debug|iPhoneSimulator
		{86ADE4A7-95B5-43BB-AAE4-BB25B5EFBB39}.Debug|iPhoneSimulator.Build.0 = Debug|iPhoneSimulator
		{86ADE4A7-95B5-43BB-AAE4-BB25B5EFBB39}.Debug|Mixed Platforms.ActiveCfg = Debug|iPhone
		{86ADE4A7-95B5-43BB-AAE4-BB25B5EFBB39}.Debug|Mixed Platforms.Build.0 = Debug|iPhone
		{86ADE4A7-95B5-43BB-AAE4-BB25B5EFBB39}.Debug|x86.ActiveCfg = Debug|iPhone
		{86ADE4A7-95B5-43BB-AAE4-BB25B5EFBB39}.Release|Any CPU.ActiveCfg = Release|iPhone
		{86ADE4A7-95B5-43BB-AAE4-BB25B5EFBB39}.Release|ARM.ActiveCfg = Release|iPhone
		{86ADE4A7-95B5-43BB-AAE4-BB25B5EFBB39}.Release|iPhone.ActiveCfg = Release|iPhone
		{86ADE4A7-95B5-43BB-AAE4-BB25B5EFBB39}.Release|iPhone.Build.0 = Release|iPhone
		{86ADE4A7-95B5-43BB-AAE4-BB25B5EFBB39}.Release|iPhoneSimulator.ActiveCfg = Release|iPhoneSimulator
		{86ADE4A7-95B5-43BB-AAE4-BB25B5EFBB39}.Release|iPhoneSimulator.Build.0 = Release|iPhoneSimulator
		{86ADE4A7-95B5-43BB-AAE4-BB25B5EFBB39}.Release|Mixed Platforms.ActiveCfg = Release|iPhone
		{86ADE4A7-95B5-43BB-AAE4-BB25B5EFBB39}.Release|Mixed Platforms.Build.0 = Release|iPhone
		{86ADE4A7-95B5-43BB-AAE4-BB25B5EFBB39}.Release|x86.ActiveCfg = Release|iPhone
		{A1E2440C-89DF-4689-835C-28B10A8DC84E}.Ad-Hoc|Any CPU.ActiveCfg = Release|Any CPU
		{A1E2440C-89DF-4689-835C-28B10A8DC84E}.Ad-Hoc|Any CPU.Build.0 = Release|Any CPU
		{A1E2440C-89DF-4689-835C-28B10A8DC84E}.Ad-Hoc|Any CPU.Deploy.0 = Release|Any CPU
		{A1E2440C-89DF-4689-835C-28B10A8DC84E}.Ad-Hoc|ARM.ActiveCfg = Release|Any CPU
		{A1E2440C-89DF-4689-835C-28B10A8DC84E}.Ad-Hoc|iPhone.ActiveCfg = Release|Any CPU
		{A1E2440C-89DF-4689-835C-28B10A8DC84E}.Ad-Hoc|iPhoneSimulator.ActiveCfg = Release|Any CPU
		{A1E2440C-89DF-4689-835C-28B10A8DC84E}.Ad-Hoc|Mixed Platforms.ActiveCfg = Release|Any CPU
		{A1E2440C-89DF-4689-835C-28B10A8DC84E}.Ad-Hoc|Mixed Platforms.Build.0 = Release|Any CPU
		{A1E2440C-89DF-4689-835C-28B10A8DC84E}.Ad-Hoc|Mixed Platforms.Deploy.0 = Release|Any CPU
		{A1E2440C-89DF-4689-835C-28B10A8DC84E}.Ad-Hoc|x86.ActiveCfg = Release|Any CPU
		{A1E2440C-89DF-4689-835C-28B10A8DC84E}.AppStore|Any CPU.ActiveCfg = Release|Any CPU
		{A1E2440C-89DF-4689-835C-28B10A8DC84E}.AppStore|Any CPU.Build.0 = Release|Any CPU
		{A1E2440C-89DF-4689-835C-28B10A8DC84E}.AppStore|Any CPU.Deploy.0 = Release|Any CPU
		{A1E2440C-89DF-4689-835C-28B10A8DC84E}.AppStore|ARM.ActiveCfg = Release|Any CPU
		{A1E2440C-89DF-4689-835C-28B10A8DC84E}.AppStore|iPhone.ActiveCfg = Release|Any CPU
		{A1E2440C-89DF-4689-835C-28B10A8DC84E}.AppStore|iPhoneSimulator.ActiveCfg = Release|Any CPU
		{A1E2440C-89DF-4689-835C-28B10A8DC84E}.AppStore|Mixed Platforms.ActiveCfg = Release|Any CPU
		{A1E2440C-89DF-4689-835C-28B10A8DC84E}.AppStore|Mixed Platforms.Build.0 = Release|Any CPU
		{A1E2440C-89DF-4689-835C-28B10A8DC84E}.AppStore|Mixed Platforms.Deploy.0 = Release|Any CPU
		{A1E2440C-89DF-4689-835C-28B10A8DC84E}.AppStore|x86.ActiveCfg = Release|Any CPU
		{A1E2440C-89DF-4689-835C-28B10A8DC84E}.Debug|Any CPU.ActiveCfg = Debug|Any CPU
		{A1E2440C-89DF-4689-835C-28B10A8DC84E}.Debug|Any CPU.Build.0 = Debug|Any CPU
		{A1E2440C-89DF-4689-835C-28B10A8DC84E}.Debug|Any CPU.Deploy.0 = Debug|Any CPU
		{A1E2440C-89DF-4689-835C-28B10A8DC84E}.Debug|ARM.ActiveCfg = Debug|Any CPU
		{A1E2440C-89DF-4689-835C-28B10A8DC84E}.Debug|iPhone.ActiveCfg = Debug|Any CPU
		{A1E2440C-89DF-4689-835C-28B10A8DC84E}.Debug|iPhoneSimulator.ActiveCfg = Debug|Any CPU
		{A1E2440C-89DF-4689-835C-28B10A8DC84E}.Debug|Mixed Platforms.ActiveCfg = Debug|Any CPU
		{A1E2440C-89DF-4689-835C-28B10A8DC84E}.Debug|Mixed Platforms.Build.0 = Debug|Any CPU
		{A1E2440C-89DF-4689-835C-28B10A8DC84E}.Debug|Mixed Platforms.Deploy.0 = Debug|Any CPU
		{A1E2440C-89DF-4689-835C-28B10A8DC84E}.Debug|x86.ActiveCfg = Debug|Any CPU
		{A1E2440C-89DF-4689-835C-28B10A8DC84E}.Release|Any CPU.ActiveCfg = Release|Any CPU
		{A1E2440C-89DF-4689-835C-28B10A8DC84E}.Release|Any CPU.Build.0 = Release|Any CPU
		{A1E2440C-89DF-4689-835C-28B10A8DC84E}.Release|Any CPU.Deploy.0 = Release|Any CPU
		{A1E2440C-89DF-4689-835C-28B10A8DC84E}.Release|ARM.ActiveCfg = Release|Any CPU
		{A1E2440C-89DF-4689-835C-28B10A8DC84E}.Release|iPhone.ActiveCfg = Release|Any CPU
		{A1E2440C-89DF-4689-835C-28B10A8DC84E}.Release|iPhoneSimulator.ActiveCfg = Release|Any CPU
		{A1E2440C-89DF-4689-835C-28B10A8DC84E}.Release|Mixed Platforms.ActiveCfg = Release|Any CPU
		{A1E2440C-89DF-4689-835C-28B10A8DC84E}.Release|Mixed Platforms.Build.0 = Release|Any CPU
		{A1E2440C-89DF-4689-835C-28B10A8DC84E}.Release|Mixed Platforms.Deploy.0 = Release|Any CPU
		{A1E2440C-89DF-4689-835C-28B10A8DC84E}.Release|x86.ActiveCfg = Release|Any CPU
	EndGlobalSection
	GlobalSection(SolutionProperties) = preSolution
		HideSolutionNode = FALSE
	EndGlobalSection
EndGlobal
